// !$*UTF8*$!
{
	archiveVersion = 1;
	classes = {
	};
	objectVersion = 55;
	objects = {

/* Begin PBXBuildFile section */
		77AEEAE527859B860016880B /* AppDelegate.swift in Sources */ = {isa = PBXBuildFile; fileRef = 77AEEAE427859B860016880B /* AppDelegate.swift */; };
		77AEEAE727859B860016880B /* SceneDelegate.swift in Sources */ = {isa = PBXBuildFile; fileRef = 77AEEAE627859B860016880B /* SceneDelegate.swift */; };
		77AEEAEC27859B860016880B /* Main.storyboard in Resources */ = {isa = PBXBuildFile; fileRef = 77AEEAEA27859B860016880B /* Main.storyboard */; };
		77AEEAEE27859B880016880B /* Assets.xcassets in Resources */ = {isa = PBXBuildFile; fileRef = 77AEEAED27859B880016880B /* Assets.xcassets */; };
		77AEEAF127859B880016880B /* LaunchScreen.storyboard in Resources */ = {isa = PBXBuildFile; fileRef = 77AEEAEF27859B880016880B /* LaunchScreen.storyboard */; };
		77AEEAF92785AEF90016880B /* ClassName+UIViewController.swift in Sources */ = {isa = PBXBuildFile; fileRef = 77AEEAF82785AEF90016880B /* ClassName+UIViewController.swift */; };
		77AEEAFB2785AF470016880B /* UIViewController+.swift in Sources */ = {isa = PBXBuildFile; fileRef = 77AEEAFA2785AF470016880B /* UIViewController+.swift */; };
		77AEEB032786C5C80016880B /* MajorModel.swift in Sources */ = {isa = PBXBuildFile; fileRef = 77AEEB022786C5C80016880B /* MajorModel.swift */; };
		77AEEB0F2786D9D90016880B /* OverlayView.xib in Resources */ = {isa = PBXBuildFile; fileRef = 77AEEB0E2786D9D90016880B /* OverlayView.xib */; };
		77AEEB112786DA620016880B /* OverlayView.swift in Sources */ = {isa = PBXBuildFile; fileRef = 77AEEB102786DA620016880B /* OverlayView.swift */; };
		77AEEB132786DE900016880B /* PresentationController.swift in Sources */ = {isa = PBXBuildFile; fileRef = 77AEEB122786DE900016880B /* PresentationController.swift */; };
		77AEEB152786DFA10016880B /* ReviewVC.swift in Sources */ = {isa = PBXBuildFile; fileRef = 77AEEB142786DFA10016880B /* ReviewVC.swift */; };
/* End PBXBuildFile section */

/* Begin PBXFileReference section */
		77AEEAE127859B860016880B /* NadoSunbae-Practice-iOS.app */ = {isa = PBXFileReference; explicitFileType = wrapper.application; includeInIndex = 0; path = "NadoSunbae-Practice-iOS.app"; sourceTree = BUILT_PRODUCTS_DIR; };
		77AEEAE427859B860016880B /* AppDelegate.swift */ = {isa = PBXFileReference; lastKnownFileType = sourcecode.swift; path = AppDelegate.swift; sourceTree = "<group>"; };
		77AEEAE627859B860016880B /* SceneDelegate.swift */ = {isa = PBXFileReference; lastKnownFileType = sourcecode.swift; path = SceneDelegate.swift; sourceTree = "<group>"; };
		77AEEAEB27859B860016880B /* Base */ = {isa = PBXFileReference; lastKnownFileType = file.storyboard; name = Base; path = Base.lproj/Main.storyboard; sourceTree = "<group>"; };
		77AEEAED27859B880016880B /* Assets.xcassets */ = {isa = PBXFileReference; lastKnownFileType = folder.assetcatalog; path = Assets.xcassets; sourceTree = "<group>"; };
		77AEEAF027859B880016880B /* Base */ = {isa = PBXFileReference; lastKnownFileType = file.storyboard; name = Base; path = Base.lproj/LaunchScreen.storyboard; sourceTree = "<group>"; };
		77AEEAF227859B880016880B /* Info.plist */ = {isa = PBXFileReference; lastKnownFileType = text.plist.xml; path = Info.plist; sourceTree = "<group>"; };
		77AEEAF82785AEF90016880B /* ClassName+UIViewController.swift */ = {isa = PBXFileReference; lastKnownFileType = sourcecode.swift; path = "ClassName+UIViewController.swift"; sourceTree = "<group>"; };
		77AEEAFA2785AF470016880B /* UIViewController+.swift */ = {isa = PBXFileReference; lastKnownFileType = sourcecode.swift; path = "UIViewController+.swift"; sourceTree = "<group>"; };
		77AEEB022786C5C80016880B /* MajorModel.swift */ = {isa = PBXFileReference; lastKnownFileType = sourcecode.swift; path = MajorModel.swift; sourceTree = "<group>"; };
		77AEEB0E2786D9D90016880B /* OverlayView.xib */ = {isa = PBXFileReference; lastKnownFileType = file.xib; path = OverlayView.xib; sourceTree = "<group>"; };
		77AEEB102786DA620016880B /* OverlayView.swift */ = {isa = PBXFileReference; lastKnownFileType = sourcecode.swift; path = OverlayView.swift; sourceTree = "<group>"; };
		77AEEB122786DE900016880B /* PresentationController.swift */ = {isa = PBXFileReference; lastKnownFileType = sourcecode.swift; path = PresentationController.swift; sourceTree = "<group>"; };
		77AEEB142786DFA10016880B /* ReviewVC.swift */ = {isa = PBXFileReference; lastKnownFileType = sourcecode.swift; path = ReviewVC.swift; sourceTree = "<group>"; };
/* End PBXFileReference section */

/* Begin PBXFrameworksBuildPhase section */
		77AEEADE27859B860016880B /* Frameworks */ = {
			isa = PBXFrameworksBuildPhase;
			buildActionMask = 2147483647;
			files = (
			);
			runOnlyForDeploymentPostprocessing = 0;
		};
/* End PBXFrameworksBuildPhase section */

/* Begin PBXGroup section */
		77AEEAD827859B860016880B = {
			isa = PBXGroup;
			children = (
				77AEEAE327859B860016880B /* NadoSunbae-Practice-iOS */,
				77AEEAE227859B860016880B /* Products */,
			);
			sourceTree = "<group>";
		};
		77AEEAE227859B860016880B /* Products */ = {
			isa = PBXGroup;
			children = (
				77AEEAE127859B860016880B /* NadoSunbae-Practice-iOS.app */,
			);
			name = Products;
			sourceTree = "<group>";
		};
		77AEEAE327859B860016880B /* NadoSunbae-Practice-iOS */ = {
			isa = PBXGroup;
			children = (
				77AEEB012786BB880016880B /* Storyboards */,
				77AEEB002786BB7A0016880B /* Supports */,
				77AEEAFF2786BB5A0016880B /* Extensions */,
				77AEEAFE2786BB3E0016880B /* Models */,
				77AEEAFD2786BB2D0016880B /* ViewModels */,
				77AEEAFC2786BB130016880B /* Views */,
				77AEEAED27859B880016880B /* Assets.xcassets */,
				77AEEAF227859B880016880B /* Info.plist */,
			);
			path = "NadoSunbae-Practice-iOS";
			sourceTree = "<group>";
		};
		77AEEAFC2786BB130016880B /* Views */ = {
			isa = PBXGroup;
			children = (
				77AEEB0E2786D9D90016880B /* OverlayView.xib */,
				77AEEB122786DE900016880B /* PresentationController.swift */,
				77AEEB142786DFA10016880B /* ReviewVC.swift */,
				77AEEB102786DA620016880B /* OverlayView.swift */,
			);
			path = Views;
			sourceTree = "<group>";
		};
		77AEEAFD2786BB2D0016880B /* ViewModels */ = {
			isa = PBXGroup;
			children = (
			);
			path = ViewModels;
			sourceTree = "<group>";
		};
		77AEEAFE2786BB3E0016880B /* Models */ = {
			isa = PBXGroup;
			children = (
				77AEEB022786C5C80016880B /* MajorModel.swift */,
			);
			path = Models;
			sourceTree = "<group>";
		};
		77AEEAFF2786BB5A0016880B /* Extensions */ = {
			isa = PBXGroup;
			children = (
				77AEEAF82785AEF90016880B /* ClassName+UIViewController.swift */,
				77AEEAFA2785AF470016880B /* UIViewController+.swift */,
			);
			path = Extensions;
			sourceTree = "<group>";
		};
		77AEEB002786BB7A0016880B /* Supports */ = {
			isa = PBXGroup;
			children = (
				77AEEAE427859B860016880B /* AppDelegate.swift */,
				77AEEAE627859B860016880B /* SceneDelegate.swift */,
			);
			path = Supports;
			sourceTree = "<group>";
		};
		77AEEB012786BB880016880B /* Storyboards */ = {
			isa = PBXGroup;
			children = (
				77AEEAEA27859B860016880B /* Main.storyboard */,
				77AEEAEF27859B880016880B /* LaunchScreen.storyboard */,
			);
			path = Storyboards;
			sourceTree = "<group>";
		};
/* End PBXGroup section */

/* Begin PBXNativeTarget section */
		77AEEAE027859B860016880B /* NadoSunbae-Practice-iOS */ = {
			isa = PBXNativeTarget;
			buildConfigurationList = 77AEEAF527859B880016880B /* Build configuration list for PBXNativeTarget "NadoSunbae-Practice-iOS" */;
			buildPhases = (
				77AEEADD27859B860016880B /* Sources */,
				77AEEADE27859B860016880B /* Frameworks */,
				77AEEADF27859B860016880B /* Resources */,
			);
			buildRules = (
			);
			dependencies = (
			);
			name = "NadoSunbae-Practice-iOS";
			productName = "NadoSunbae-Practice-iOS";
			productReference = 77AEEAE127859B860016880B /* NadoSunbae-Practice-iOS.app */;
			productType = "com.apple.product-type.application";
		};
/* End PBXNativeTarget section */

/* Begin PBXProject section */
		77AEEAD927859B860016880B /* Project object */ = {
			isa = PBXProject;
			attributes = {
				BuildIndependentTargetsInParallel = 1;
				LastSwiftUpdateCheck = 1310;
				LastUpgradeCheck = 1310;
				TargetAttributes = {
					77AEEAE027859B860016880B = {
						CreatedOnToolsVersion = 13.1;
					};
				};
			};
			buildConfigurationList = 77AEEADC27859B860016880B /* Build configuration list for PBXProject "NadoSunbae-Practice-iOS" */;
			compatibilityVersion = "Xcode 13.0";
			developmentRegion = en;
			hasScannedForEncodings = 0;
			knownRegions = (
				en,
				Base,
			);
			mainGroup = 77AEEAD827859B860016880B;
			productRefGroup = 77AEEAE227859B860016880B /* Products */;
			projectDirPath = "";
			projectRoot = "";
			targets = (
				77AEEAE027859B860016880B /* NadoSunbae-Practice-iOS */,
			);
		};
/* End PBXProject section */

/* Begin PBXResourcesBuildPhase section */
		77AEEADF27859B860016880B /* Resources */ = {
			isa = PBXResourcesBuildPhase;
			buildActionMask = 2147483647;
			files = (
				77AEEAF127859B880016880B /* LaunchScreen.storyboard in Resources */,
				77AEEB0F2786D9D90016880B /* OverlayView.xib in Resources */,
				77AEEAEE27859B880016880B /* Assets.xcassets in Resources */,
				77AEEAEC27859B860016880B /* Main.storyboard in Resources */,
			);
			runOnlyForDeploymentPostprocessing = 0;
		};
/* End PBXResourcesBuildPhase section */

/* Begin PBXSourcesBuildPhase section */
		77AEEADD27859B860016880B /* Sources */ = {
			isa = PBXSourcesBuildPhase;
			buildActionMask = 2147483647;
			files = (
				77AEEAF92785AEF90016880B /* ClassName+UIViewController.swift in Sources */,
				77AEEB112786DA620016880B /* OverlayView.swift in Sources */,
				77AEEB132786DE900016880B /* PresentationController.swift in Sources */,
				77AEEAFB2785AF470016880B /* UIViewController+.swift in Sources */,
				77AEEB152786DFA10016880B /* ReviewVC.swift in Sources */,
				77AEEB032786C5C80016880B /* MajorModel.swift in Sources */,
				77AEEAE527859B860016880B /* AppDelegate.swift in Sources */,
				77AEEAE727859B860016880B /* SceneDelegate.swift in Sources */,
			);
			runOnlyForDeploymentPostprocessing = 0;
		};
/* End PBXSourcesBuildPhase section */

/* Begin PBXVariantGroup section */
		77AEEAEA27859B860016880B /* Main.storyboard */ = {
			isa = PBXVariantGroup;
			children = (
				77AEEAEB27859B860016880B /* Base */,
			);
			name = Main.storyboard;
			sourceTree = "<group>";
		};
		77AEEAEF27859B880016880B /* LaunchScreen.storyboard */ = {
			isa = PBXVariantGroup;
			children = (
				77AEEAF027859B880016880B /* Base */,
			);
			name = LaunchScreen.storyboard;
			sourceTree = "<group>";
		};
/* End PBXVariantGroup section */

/* Begin XCBuildConfiguration section */
		77AEEAF327859B880016880B /* Debug */ = {
			isa = XCBuildConfiguration;
			buildSettings = {
				ALWAYS_SEARCH_USER_PATHS = NO;
				CLANG_ANALYZER_NONNULL = YES;
				CLANG_ANALYZER_NUMBER_OBJECT_CONVERSION = YES_AGGRESSIVE;
				CLANG_CXX_LANGUAGE_STANDARD = "gnu++17";
				CLANG_CXX_LIBRARY = "libc++";
				CLANG_ENABLE_MODULES = YES;
				CLANG_ENABLE_OBJC_ARC = YES;
				CLANG_ENABLE_OBJC_WEAK = YES;
				CLANG_WARN_BLOCK_CAPTURE_AUTORELEASING = YES;
				CLANG_WARN_BOOL_CONVERSION = YES;
				CLANG_WARN_COMMA = YES;
				CLANG_WARN_CONSTANT_CONVERSION = YES;
				CLANG_WARN_DEPRECATED_OBJC_IMPLEMENTATIONS = YES;
				CLANG_WARN_DIRECT_OBJC_ISA_USAGE = YES_ERROR;
				CLANG_WARN_DOCUMENTATION_COMMENTS = YES;
				CLANG_WARN_EMPTY_BODY = YES;
				CLANG_WARN_ENUM_CONVERSION = YES;
				CLANG_WARN_INFINITE_RECURSION = YES;
				CLANG_WARN_INT_CONVERSION = YES;
				CLANG_WARN_NON_LITERAL_NULL_CONVERSION = YES;
				CLANG_WARN_OBJC_IMPLICIT_RETAIN_SELF = YES;
				CLANG_WARN_OBJC_LITERAL_CONVERSION = YES;
				CLANG_WARN_OBJC_ROOT_CLASS = YES_ERROR;
				CLANG_WARN_QUOTED_INCLUDE_IN_FRAMEWORK_HEADER = YES;
				CLANG_WARN_RANGE_LOOP_ANALYSIS = YES;
				CLANG_WARN_STRICT_PROTOTYPES = YES;
				CLANG_WARN_SUSPICIOUS_MOVE = YES;
				CLANG_WARN_UNGUARDED_AVAILABILITY = YES_AGGRESSIVE;
				CLANG_WARN_UNREACHABLE_CODE = YES;
				CLANG_WARN__DUPLICATE_METHOD_MATCH = YES;
				COPY_PHASE_STRIP = NO;
				DEBUG_INFORMATION_FORMAT = dwarf;
				ENABLE_STRICT_OBJC_MSGSEND = YES;
				ENABLE_TESTABILITY = YES;
				GCC_C_LANGUAGE_STANDARD = gnu11;
				GCC_DYNAMIC_NO_PIC = NO;
				GCC_NO_COMMON_BLOCKS = YES;
				GCC_OPTIMIZATION_LEVEL = 0;
				GCC_PREPROCESSOR_DEFINITIONS = (
					"DEBUG=1",
					"$(inherited)",
				);
				GCC_WARN_64_TO_32_BIT_CONVERSION = YES;
				GCC_WARN_ABOUT_RETURN_TYPE = YES_ERROR;
				GCC_WARN_UNDECLARED_SELECTOR = YES;
				GCC_WARN_UNINITIALIZED_AUTOS = YES_AGGRESSIVE;
				GCC_WARN_UNUSED_FUNCTION = YES;
				GCC_WARN_UNUSED_VARIABLE = YES;
				IPHONEOS_DEPLOYMENT_TARGET = 15.0;
				MTL_ENABLE_DEBUG_INFO = INCLUDE_SOURCE;
				MTL_FAST_MATH = YES;
				ONLY_ACTIVE_ARCH = YES;
				SDKROOT = iphoneos;
				SWIFT_ACTIVE_COMPILATION_CONDITIONS = DEBUG;
				SWIFT_OPTIMIZATION_LEVEL = "-Onone";
			};
			name = Debug;
		};
		77AEEAF427859B880016880B /* Release */ = {
			isa = XCBuildConfiguration;
			buildSettings = {
				ALWAYS_SEARCH_USER_PATHS = NO;
				CLANG_ANALYZER_NONNULL = YES;
				CLANG_ANALYZER_NUMBER_OBJECT_CONVERSION = YES_AGGRESSIVE;
				CLANG_CXX_LANGUAGE_STANDARD = "gnu++17";
				CLANG_CXX_LIBRARY = "libc++";
				CLANG_ENABLE_MODULES = YES;
				CLANG_ENABLE_OBJC_ARC = YES;
				CLANG_ENABLE_OBJC_WEAK = YES;
				CLANG_WARN_BLOCK_CAPTURE_AUTORELEASING = YES;
				CLANG_WARN_BOOL_CONVERSION = YES;
				CLANG_WARN_COMMA = YES;
				CLANG_WARN_CONSTANT_CONVERSION = YES;
				CLANG_WARN_DEPRECATED_OBJC_IMPLEMENTATIONS = YES;
				CLANG_WARN_DIRECT_OBJC_ISA_USAGE = YES_ERROR;
				CLANG_WARN_DOCUMENTATION_COMMENTS = YES;
				CLANG_WARN_EMPTY_BODY = YES;
				CLANG_WARN_ENUM_CONVERSION = YES;
				CLANG_WARN_INFINITE_RECURSION = YES;
				CLANG_WARN_INT_CONVERSION = YES;
				CLANG_WARN_NON_LITERAL_NULL_CONVERSION = YES;
				CLANG_WARN_OBJC_IMPLICIT_RETAIN_SELF = YES;
				CLANG_WARN_OBJC_LITERAL_CONVERSION = YES;
				CLANG_WARN_OBJC_ROOT_CLASS = YES_ERROR;
				CLANG_WARN_QUOTED_INCLUDE_IN_FRAMEWORK_HEADER = YES;
				CLANG_WARN_RANGE_LOOP_ANALYSIS = YES;
				CLANG_WARN_STRICT_PROTOTYPES = YES;
				CLANG_WARN_SUSPICIOUS_MOVE = YES;
				CLANG_WARN_UNGUARDED_AVAILABILITY = YES_AGGRESSIVE;
				CLANG_WARN_UNREACHABLE_CODE = YES;
				CLANG_WARN__DUPLICATE_METHOD_MATCH = YES;
				COPY_PHASE_STRIP = NO;
				DEBUG_INFORMATION_FORMAT = "dwarf-with-dsym";
				ENABLE_NS_ASSERTIONS = NO;
				ENABLE_STRICT_OBJC_MSGSEND = YES;
				GCC_C_LANGUAGE_STANDARD = gnu11;
				GCC_NO_COMMON_BLOCKS = YES;
				GCC_WARN_64_TO_32_BIT_CONVERSION = YES;
				GCC_WARN_ABOUT_RETURN_TYPE = YES_ERROR;
				GCC_WARN_UNDECLARED_SELECTOR = YES;
				GCC_WARN_UNINITIALIZED_AUTOS = YES_AGGRESSIVE;
				GCC_WARN_UNUSED_FUNCTION = YES;
				GCC_WARN_UNUSED_VARIABLE = YES;
				IPHONEOS_DEPLOYMENT_TARGET = 15.0;
				MTL_ENABLE_DEBUG_INFO = NO;
				MTL_FAST_MATH = YES;
				SDKROOT = iphoneos;
				SWIFT_COMPILATION_MODE = wholemodule;
				SWIFT_OPTIMIZATION_LEVEL = "-O";
				VALIDATE_PRODUCT = YES;
			};
			name = Release;
		};
		77AEEAF627859B880016880B /* Debug */ = {
			isa = XCBuildConfiguration;
			buildSettings = {
				ASSETCATALOG_COMPILER_APPICON_NAME = AppIcon;
				ASSETCATALOG_COMPILER_GLOBAL_ACCENT_COLOR_NAME = AccentColor;
				CODE_SIGN_STYLE = Automatic;
				CURRENT_PROJECT_VERSION = 1;
				DEVELOPMENT_TEAM = 397WA8BG8W;
				GENERATE_INFOPLIST_FILE = YES;
				INFOPLIST_FILE = "NadoSunbae-Practice-iOS/Info.plist";
				INFOPLIST_KEY_UIApplicationSupportsIndirectInputEvents = YES;
				INFOPLIST_KEY_UILaunchStoryboardName = LaunchScreen;
				INFOPLIST_KEY_UIMainStoryboardFile = Main;
				INFOPLIST_KEY_UISupportedInterfaceOrientations_iPad = "UIInterfaceOrientationPortrait UIInterfaceOrientationPortraitUpsideDown UIInterfaceOrientationLandscapeLeft UIInterfaceOrientationLandscapeRight";
				INFOPLIST_KEY_UISupportedInterfaceOrientations_iPhone = "UIInterfaceOrientationPortrait UIInterfaceOrientationLandscapeLeft UIInterfaceOrientationLandscapeRight";
				LD_RUNPATH_SEARCH_PATHS = (
					"$(inherited)",
					"@executable_path/Frameworks",
				);
				MARKETING_VERSION = 1.0;
				PRODUCT_BUNDLE_IDENTIFIER = "com.eunju.NadoSunbae-Practice-iOS";
				PRODUCT_NAME = "$(TARGET_NAME)";
				SWIFT_EMIT_LOC_STRINGS = YES;
				SWIFT_VERSION = 5.0;
				TARGETED_DEVICE_FAMILY = "1,2";
			};
			name = Debug;
		};
		77AEEAF727859B880016880B /* Release */ = {
			isa = XCBuildConfiguration;
			buildSettings = {
				ASSETCATALOG_COMPILER_APPICON_NAME = AppIcon;
				ASSETCATALOG_COMPILER_GLOBAL_ACCENT_COLOR_NAME = AccentColor;
				CODE_SIGN_STYLE = Automatic;
				CURRENT_PROJECT_VERSION = 1;
				DEVELOPMENT_TEAM = 397WA8BG8W;
				GENERATE_INFOPLIST_FILE = YES;
				INFOPLIST_FILE = "NadoSunbae-Practice-iOS/Info.plist";
				INFOPLIST_KEY_UIApplicationSupportsIndirectInputEvents = YES;
				INFOPLIST_KEY_UILaunchStoryboardName = LaunchScreen;
				INFOPLIST_KEY_UIMainStoryboardFile = Main;
				INFOPLIST_KEY_UISupportedInterfaceOrientations_iPad = "UIInterfaceOrientationPortrait UIInterfaceOrientationPortraitUpsideDown UIInterfaceOrientationLandscapeLeft UIInterfaceOrientationLandscapeRight";
				INFOPLIST_KEY_UISupportedInterfaceOrientations_iPhone = "UIInterfaceOrientationPortrait UIInterfaceOrientationLandscapeLeft UIInterfaceOrientationLandscapeRight";
				LD_RUNPATH_SEARCH_PATHS = (
					"$(inherited)",
					"@executable_path/Frameworks",
				);
				MARKETING_VERSION = 1.0;
				PRODUCT_BUNDLE_IDENTIFIER = "com.eunju.NadoSunbae-Practice-iOS";
				PRODUCT_NAME = "$(TARGET_NAME)";
				SWIFT_EMIT_LOC_STRINGS = YES;
				SWIFT_VERSION = 5.0;
				TARGETED_DEVICE_FAMILY = "1,2";
			};
			name = Release;
		};
/* End XCBuildConfiguration section */

/* Begin XCConfigurationList section */
		77AEEADC27859B860016880B /* Build configuration list for PBXProject "NadoSunbae-Practice-iOS" */ = {
			isa = XCConfigurationList;
			buildConfigurations = (
				77AEEAF327859B880016880B /* Debug */,
				77AEEAF427859B880016880B /* Release */,
			);
			defaultConfigurationIsVisible = 0;
			defaultConfigurationName = Release;
		};
		77AEEAF527859B880016880B /* Build configuration list for PBXNativeTarget "NadoSunbae-Practice-iOS" */ = {
			isa = XCConfigurationList;
			buildConfigurations = (
				77AEEAF627859B880016880B /* Debug */,
				77AEEAF727859B880016880B /* Release */,
			);
			defaultConfigurationIsVisible = 0;
			defaultConfigurationName = Release;
		};
/* End XCConfigurationList section */
	};
	rootObject = 77AEEAD927859B860016880B /* Project object */;
}
